
Microsoft Visual Studio Solution File, Format Version 12.00
# Visual Studio Version 17
VisualStudioVersion = 17.7.34031.279
MinimumVisualStudioVersion = 10.0.40219.1
Project("{FAE04EC0-301F-11D3-BF4B-00C04F79EFBC}") = "hunterxhunterapi", "hunterxhunterapi.csproj", "{CACD9594-9E68-499D-A349-B950C8C98F94}"
EndProject
Global
	GlobalSection(SolutionConfigurationPlatforms) = preSolution
		Debug|Any CPU = Debug|Any CPU
		Release|Any CPU = Release|Any CPU
	EndGlobalSection
	GlobalSection(ProjectConfigurationPlatforms) = postSolution
		{CACD9594-9E68-499D-A349-B950C8C98F94}.Debug|Any CPU.ActiveCfg = Debug|Any CPU
		{CACD9594-9E68-499D-A349-B950C8C98F94}.Debug|Any CPU.Build.0 = Debug|Any CPU
		{CACD9594-9E68-499D-A349-B950C8C98F94}.Release|Any CPU.ActiveCfg = Release|Any CPU
		{CACD9594-9E68-499D-A349-B950C8C98F94}.Release|Any CPU.Build.0 = Release|Any CPU
	EndGlobalSection
	GlobalSection(SolutionProperties) = preSolution
		HideSolutionNode = FALSE
	EndGlobalSection
	GlobalSection(ExtensibilityGlobals) = postSolution
		SolutionGuid = {003D6595-4CC8-43E0-86B9-FDE9F3578EC3}
	EndGlobalSection
EndGlobal
